
Microsoft Visual Studio Solution File, Format Version 12.00
# Visual Studio 15
Project("{FAE04EC0-301F-11D3-BF4B-00C04F79EFBC}") = "UnityEngine.TestRunner", "UnityEngine.TestRunner.csproj", "{D155EBF7-980D-4BB9-791B-ECE11D0F4985}"
EndProject
Project("{FAE04EC0-301F-11D3-BF4B-00C04F79EFBC}") = "UnityEngine.UI", "UnityEngine.UI.csproj", "{A5E7D9C5-BC1F-B6EA-C2FC-1C1E6F385786}"
EndProject
Project("{FAE04EC0-301F-11D3-BF4B-00C04F79EFBC}") = "Unity.VisualScripting.Flow", "Unity.VisualScripting.Flow.csproj", "{C1BBFB81-0057-D423-8BA8-B1C260E4BA20}"
EndProject
Project("{FAE04EC0-301F-11D3-BF4B-00C04F79EFBC}") = "Unity.Services.Core.Telemetry", "Unity.Services.Core.Telemetry.csproj", "{98E1FAFC-4EF1-6F1E-8636-051E70299786}"
EndProject
Project("{FAE04EC0-301F-11D3-BF4B-00C04F79EFBC}") = "Unity.VisualScripting.State", "Unity.VisualScripting.State.csproj", "{0B57870F-0B3A-2BF6-2EC6-FC443EEEC18D}"
EndProject
Project("{FAE04EC0-301F-11D3-BF4B-00C04F79EFBC}") = "Unity.VisualScripting.Core", "Unity.VisualScripting.Core.csproj", "{8F48B520-43A1-20DE-86B7-436AC89C39B0}"
EndProject
Project("{FAE04EC0-301F-11D3-BF4B-00C04F79EFBC}") = "Unity.Services.Core.Environments.Internal", "Unity.Services.Core.Environments.Internal.csproj", "{8A5C1A84-9C21-7821-D3C1-963A605B340B}"
EndProject
Project("{FAE04EC0-301F-11D3-BF4B-00C04F79EFBC}") = "Unity.TextMeshPro", "Unity.TextMeshPro.csproj", "{339AE55E-1BB8-7193-E6C6-0A2A323D3669}"
EndProject
Project("{FAE04EC0-301F-11D3-BF4B-00C04F79EFBC}") = "Unity.Timeline", "Unity.Timeline.csproj", "{B53892D8-C8A7-D860-63F2-DADD58F3F734}"
EndProject
Project("{FAE04EC0-301F-11D3-BF4B-00C04F79EFBC}") = "Unity.Services.Core", "Unity.Services.Core.csproj", "{731E26CB-3034-C57F-B549-AF7C9EF7D824}"
EndProject
Project("{FAE04EC0-301F-11D3-BF4B-00C04F79EFBC}") = "Unity.Services.Core.Environments", "Unity.Services.Core.Environments.csproj", "{66BCCB12-0F4E-BE4D-0D3E-6AD0D757840E}"
EndProject
Project("{FAE04EC0-301F-11D3-BF4B-00C04F79EFBC}") = "Unity.Services.Core.Internal", "Unity.Services.Core.Internal.csproj", "{482819F1-13B6-FDD3-6AC0-6311287C8C76}"
EndProject
Project("{FAE04EC0-301F-11D3-BF4B-00C04F79EFBC}") = "Unity.Services.Core.Analytics", "Unity.Services.Core.Analytics.csproj", "{4AECDC44-3C7B-F465-9BD3-13F66EC97EC1}"
EndProject
Project("{FAE04EC0-301F-11D3-BF4B-00C04F79EFBC}") = "Unity.Services.Core.Scheduler", "Unity.Services.Core.Scheduler.csproj", "{CF34F342-672D-4F6A-7B61-F22891903638}"
EndProject
Project("{FAE04EC0-301F-11D3-BF4B-00C04F79EFBC}") = "Unity.Services.Core.Registration", "Unity.Services.Core.Registration.csproj", "{C9A4F418-9EA0-A48B-78A5-533293CEC6C0}"
EndProject
Project("{FAE04EC0-301F-11D3-BF4B-00C04F79EFBC}") = "Unity.Services.Core.Device", "Unity.Services.Core.Device.csproj", "{03F5AB53-57BF-5A61-5E01-75CF06DF2EC1}"
EndProject
Project("{FAE04EC0-301F-11D3-BF4B-00C04F79EFBC}") = "Unity.Services.Core.Threading", "Unity.Services.Core.Threading.csproj", "{4CAAA58E-B148-A97F-DA4A-E96C9949340E}"
EndProject
Project("{FAE04EC0-301F-11D3-BF4B-00C04F79EFBC}") = "Unity.Services.Core.Networking", "Unity.Services.Core.Networking.csproj", "{7E69F0A5-B085-D438-2B83-654E643CDC83}"
EndProject
Project("{FAE04EC0-301F-11D3-BF4B-00C04F79EFBC}") = "Assembly-CSharp", "Assembly-CSharp.csproj", "{6E9D7E29-8AA6-25FE-1376-A3BC97826661}"
EndProject
Project("{FAE04EC0-301F-11D3-BF4B-00C04F79EFBC}") = "Unity.Services.Core.Configuration", "Unity.Services.Core.Configuration.csproj", "{79E63BC4-4A8B-597B-8E4F-6C591693E1C3}"
EndProject
Project("{FAE04EC0-301F-11D3-BF4B-00C04F79EFBC}") = "Unity.PlasticSCM.Editor", "Unity.PlasticSCM.Editor.csproj", "{DB8FB812-BFD9-979E-7A57-53B54EAE290D}"
EndProject
Project("{FAE04EC0-301F-11D3-BF4B-00C04F79EFBC}") = "Unity.VisualScripting.Core.Editor", "Unity.VisualScripting.Core.Editor.csproj", "{4E06EA6F-C54B-651C-339D-D9B5376EA099}"
EndProject
Project("{FAE04EC0-301F-11D3-BF4B-00C04F79EFBC}") = "Unity.VisualScripting.Flow.Editor", "Unity.VisualScripting.Flow.Editor.csproj", "{C3A5B5AE-8ECD-9626-7BE0-6BB141F327E7}"
EndProject
Project("{FAE04EC0-301F-11D3-BF4B-00C04F79EFBC}") = "Unity.VisualStudio.Editor", "Unity.VisualStudio.Editor.csproj", "{EA784084-D356-865E-9DB2-C2E9308BF388}"
EndProject
Project("{FAE04EC0-301F-11D3-BF4B-00C04F79EFBC}") = "Unity.Timeline.Editor", "Unity.Timeline.Editor.csproj", "{F5783082-00EF-5677-F1E9-5AE3BBE8290E}"
EndProject
Project("{FAE04EC0-301F-11D3-BF4B-00C04F79EFBC}") = "Unity.VisualScripting.State.Editor", "Unity.VisualScripting.State.Editor.csproj", "{0AF1D3E0-0700-6223-2CF5-350000A2443B}"
EndProject
Project("{FAE04EC0-301F-11D3-BF4B-00C04F79EFBC}") = "Unity.TextMeshPro.Editor", "Unity.TextMeshPro.Editor.csproj", "{EED09882-F60D-C7B1-95FB-B5DCC02F7639}"
EndProject
Project("{FAE04EC0-301F-11D3-BF4B-00C04F79EFBC}") = "Unity.VisualScripting.SettingsProvider.Editor", "Unity.VisualScripting.SettingsProvider.Editor.csproj", "{9CDDF0FA-0740-8CBE-6919-7C81DF56301E}"
EndProject
Project("{FAE04EC0-301F-11D3-BF4B-00C04F79EFBC}") = "Unity.CollabProxy.Editor", "Unity.CollabProxy.Editor.csproj", "{1A1A7AFD-287B-4DD6-315E-BFBEBD18E4E0}"
EndProject
Project("{FAE04EC0-301F-11D3-BF4B-00C04F79EFBC}") = "UnityEditor.TestRunner", "UnityEditor.TestRunner.csproj", "{7DA0F116-E920-A22B-A63A-0DDC0BDE4CFD}"
EndProject
Project("{FAE04EC0-301F-11D3-BF4B-00C04F79EFBC}") = "Unity.Services.Core.Editor", "Unity.Services.Core.Editor.csproj", "{87CF27D6-5343-CD50-2967-9F8C24D81D58}"
EndProject
Project("{FAE04EC0-301F-11D3-BF4B-00C04F79EFBC}") = "Unity.TestTools.CodeCoverage.Editor", "Unity.TestTools.CodeCoverage.Editor.csproj", "{CC5AACF0-40EF-FF44-2A91-3182B9ED93BF}"
EndProject
Project("{FAE04EC0-301F-11D3-BF4B-00C04F79EFBC}") = "Unity.Rider.Editor", "Unity.Rider.Editor.csproj", "{E6A6EDCD-BCC3-CF88-3EC3-2B28F0630E43}"
EndProject
Project("{FAE04EC0-301F-11D3-BF4B-00C04F79EFBC}") = "Unity.Performance.Profile-Analyzer.Editor", "Unity.Performance.Profile-Analyzer.Editor.csproj", "{B1023602-BB33-EB45-2955-14DEC0D95825}"
EndProject
Project("{FAE04EC0-301F-11D3-BF4B-00C04F79EFBC}") = "Unity.VSCode.Editor", "Unity.VSCode.Editor.csproj", "{3C6AB4CD-67A6-DCF5-BFED-F5F505E26CB6}"
EndProject
Project("{FAE04EC0-301F-11D3-BF4B-00C04F79EFBC}") = "UnityEditor.UI", "UnityEditor.UI.csproj", "{38FE93FD-4DEF-3AE0-4189-15168DBEF010}"
EndProject
Project("{FAE04EC0-301F-11D3-BF4B-00C04F79EFBC}") = "Unity.TestTools.CodeCoverage.Editor.OpenCover.Model", "Unity.TestTools.CodeCoverage.Editor.OpenCover.Model.csproj", "{62515B60-361B-55E4-A976-D13CE56E177F}"
EndProject
Project("{FAE04EC0-301F-11D3-BF4B-00C04F79EFBC}") = "Unity.EditorCoroutines.Editor", "Unity.EditorCoroutines.Editor.csproj", "{C91A1002-76F9-8B44-79AB-32929C372CF5}"
EndProject
Project("{FAE04EC0-301F-11D3-BF4B-00C04F79EFBC}") = "Unity.Settings.Editor", "Unity.Settings.Editor.csproj", "{B4C30E31-8A8D-5583-6F18-FA09A1411A3A}"
EndProject
Project("{FAE04EC0-301F-11D3-BF4B-00C04F79EFBC}") = "Unity.Services.Core.Configuration.Editor", "Unity.Services.Core.Configuration.Editor.csproj", "{A096C17B-DA68-083F-82A6-9BBABA548C2E}"
EndProject
Project("{FAE04EC0-301F-11D3-BF4B-00C04F79EFBC}") = "Unity.TestTools.CodeCoverage.Editor.OpenCover.Mono.Reflection", "Unity.TestTools.CodeCoverage.Editor.OpenCover.Mono.Reflection.csproj", "{99CFD055-4AA1-02CF-8D80-738FF9D787CB}"
EndProject
Project("{FAE04EC0-301F-11D3-BF4B-00C04F79EFBC}") = "Unity.VisualScripting.Shared.Editor", "Unity.VisualScripting.Shared.Editor.csproj", "{421EE2E2-F925-3AB6-EEAD-8615A94C52D9}"
EndProject
Project("{FAE04EC0-301F-11D3-BF4B-00C04F79EFBC}") = "UnityEngine.TestRunner", "UnityEngine.TestRunner.Player.csproj", "{3D432A5A-A1AC-74C7-8443-458463711D18}"
EndProject
Project("{FAE04EC0-301F-11D3-BF4B-00C04F79EFBC}") = "UnityEngine.UI", "UnityEngine.UI.Player.csproj", "{FAE5C679-984D-B261-FD03-85578D39E091}"
EndProject
Project("{FAE04EC0-301F-11D3-BF4B-00C04F79EFBC}") = "Unity.VisualScripting.Flow", "Unity.VisualScripting.Flow.Player.csproj", "{2867E626-1312-C24C-9905-0EF291C854D6}"
EndProject
Project("{FAE04EC0-301F-11D3-BF4B-00C04F79EFBC}") = "Unity.Services.Core.Telemetry", "Unity.Services.Core.Telemetry.Player.csproj", "{D678AB4A-5059-E4BF-3E71-1A136929EF16}"
EndProject
Project("{FAE04EC0-301F-11D3-BF4B-00C04F79EFBC}") = "Unity.VisualScripting.State", "Unity.VisualScripting.State.Player.csproj", "{B94D0274-EE36-1B68-886A-47617733F32E}"
EndProject
Project("{FAE04EC0-301F-11D3-BF4B-00C04F79EFBC}") = "Unity.VisualScripting.Core", "Unity.VisualScripting.Core.Player.csproj", "{778B2569-4536-06AE-B86A-FB80A56CAFEC}"
EndProject
Project("{FAE04EC0-301F-11D3-BF4B-00C04F79EFBC}") = "Unity.Services.Core.Environments.Internal", "Unity.Services.Core.Environments.Internal.Player.csproj", "{36E0B88E-AFA8-8E93-3BDA-80EEDD122B49}"
EndProject
Project("{FAE04EC0-301F-11D3-BF4B-00C04F79EFBC}") = "Unity.TextMeshPro", "Unity.TextMeshPro.Player.csproj", "{60B99820-E71E-3F62-8C10-92789F8C01A7}"
EndProject
Project("{FAE04EC0-301F-11D3-BF4B-00C04F79EFBC}") = "Unity.Timeline", "Unity.Timeline.Player.csproj", "{1F95A32E-98E9-B70E-4BFB-C879531E62A2}"
EndProject
Project("{FAE04EC0-301F-11D3-BF4B-00C04F79EFBC}") = "Unity.Services.Core", "Unity.Services.Core.Player.csproj", "{8907289E-727F-1EFC-9E69-8A69B568ECF9}"
EndProject
Project("{FAE04EC0-301F-11D3-BF4B-00C04F79EFBC}") = "Unity.Services.Core.Environments", "Unity.Services.Core.Environments.Player.csproj", "{F9D5D871-6D7D-48A8-74E8-2A242C180FED}"
EndProject
Project("{FAE04EC0-301F-11D3-BF4B-00C04F79EFBC}") = "Unity.Services.Core.Internal", "Unity.Services.Core.Internal.Player.csproj", "{922CE216-94B7-CFF4-8E1C-D756D25A3024}"
EndProject
Project("{FAE04EC0-301F-11D3-BF4B-00C04F79EFBC}") = "Unity.Services.Core.Analytics", "Unity.Services.Core.Analytics.Player.csproj", "{696B1DCC-2A5C-5763-C09A-A78AA0F04174}"
EndProject
Project("{FAE04EC0-301F-11D3-BF4B-00C04F79EFBC}") = "Unity.Services.Core.Scheduler", "Unity.Services.Core.Scheduler.Player.csproj", "{11F65F41-7FA6-E696-ADDC-C33F99666848}"
EndProject
Project("{FAE04EC0-301F-11D3-BF4B-00C04F79EFBC}") = "Unity.Services.Core.Registration", "Unity.Services.Core.Registration.Player.csproj", "{A83C4566-A4AE-3970-FAF2-667972236CD7}"
EndProject
Project("{FAE04EC0-301F-11D3-BF4B-00C04F79EFBC}") = "Unity.Services.Core.Device", "Unity.Services.Core.Device.Player.csproj", "{DB65D463-D610-9905-2440-A0BF86AB43FC}"
EndProject
Project("{FAE04EC0-301F-11D3-BF4B-00C04F79EFBC}") = "Unity.Services.Core.Threading", "Unity.Services.Core.Threading.Player.csproj", "{2C72B4F6-B2A5-7C61-58C2-B907CC12904E}"
EndProject
Project("{FAE04EC0-301F-11D3-BF4B-00C04F79EFBC}") = "Unity.Services.Core.Networking", "Unity.Services.Core.Networking.Player.csproj", "{5D1BD7A0-7B7D-B717-5FA5-194A13CBFBD7}"
EndProject
Project("{FAE04EC0-301F-11D3-BF4B-00C04F79EFBC}") = "Assembly-CSharp", "Assembly-CSharp.Player.csproj", "{824A6BB2-47A4-2432-A498-E894F864E60B}"
EndProject
Project("{FAE04EC0-301F-11D3-BF4B-00C04F79EFBC}") = "Unity.Services.Core.Configuration", "Unity.Services.Core.Configuration.Player.csproj", "{525C411B-A4BA-D1BB-9114-79BED1720958}"
EndProject
Global
	GlobalSection(SolutionConfigurationPlatforms) = preSolution
		Debug|Any CPU = Debug|Any CPU
		Release|Any CPU = Release|Any CPU
	EndGlobalSection
	GlobalSection(ProjectConfigurationPlatforms) = postSolution
		{D155EBF7-980D-4BB9-791B-ECE11D0F4985}.Debug|Any CPU.ActiveCfg = Debug|Any CPU
		{D155EBF7-980D-4BB9-791B-ECE11D0F4985}.Debug|Any CPU.Build.0 = Debug|Any CPU
		{D155EBF7-980D-4BB9-791B-ECE11D0F4985}.Release|Any CPU.ActiveCfg = Release|Any CPU
		{D155EBF7-980D-4BB9-791B-ECE11D0F4985}.Release|Any CPU.Build.0 = Release|Any CPU
		{A5E7D9C5-BC1F-B6EA-C2FC-1C1E6F385786}.Debug|Any CPU.ActiveCfg = Debug|Any CPU
		{A5E7D9C5-BC1F-B6EA-C2FC-1C1E6F385786}.Debug|Any CPU.Build.0 = Debug|Any CPU
		{A5E7D9C5-BC1F-B6EA-C2FC-1C1E6F385786}.Release|Any CPU.ActiveCfg = Release|Any CPU
		{A5E7D9C5-BC1F-B6EA-C2FC-1C1E6F385786}.Release|Any CPU.Build.0 = Release|Any CPU
		{C1BBFB81-0057-D423-8BA8-B1C260E4BA20}.Debug|Any CPU.ActiveCfg = Debug|Any CPU
		{C1BBFB81-0057-D423-8BA8-B1C260E4BA20}.Debug|Any CPU.Build.0 = Debug|Any CPU
		{C1BBFB81-0057-D423-8BA8-B1C260E4BA20}.Release|Any CPU.ActiveCfg = Release|Any CPU
		{C1BBFB81-0057-D423-8BA8-B1C260E4BA20}.Release|Any CPU.Build.0 = Release|Any CPU
		{98E1FAFC-4EF1-6F1E-8636-051E70299786}.Debug|Any CPU.ActiveCfg = Debug|Any CPU
		{98E1FAFC-4EF1-6F1E-8636-051E70299786}.Debug|Any CPU.Build.0 = Debug|Any CPU
		{98E1FAFC-4EF1-6F1E-8636-051E70299786}.Release|Any CPU.ActiveCfg = Release|Any CPU
		{98E1FAFC-4EF1-6F1E-8636-051E70299786}.Release|Any CPU.Build.0 = Release|Any CPU
		{0B57870F-0B3A-2BF6-2EC6-FC443EEEC18D}.Debug|Any CPU.ActiveCfg = Debug|Any CPU
		{0B57870F-0B3A-2BF6-2EC6-FC443EEEC18D}.Debug|Any CPU.Build.0 = Debug|Any CPU
		{0B57870F-0B3A-2BF6-2EC6-FC443EEEC18D}.Release|Any CPU.ActiveCfg = Release|Any CPU
		{0B57870F-0B3A-2BF6-2EC6-FC443EEEC18D}.Release|Any CPU.Build.0 = Release|Any CPU
		{8F48B520-43A1-20DE-86B7-436AC89C39B0}.Debug|Any CPU.ActiveCfg = Debug|Any CPU
		{8F48B520-43A1-20DE-86B7-436AC89C39B0}.Debug|Any CPU.Build.0 = Debug|Any CPU
		{8F48B520-43A1-20DE-86B7-436AC89C39B0}.Release|Any CPU.ActiveCfg = Release|Any CPU
		{8F48B520-43A1-20DE-86B7-436AC89C39B0}.Release|Any CPU.Build.0 = Release|Any CPU
		{8A5C1A84-9C21-7821-D3C1-963A605B340B}.Debug|Any CPU.ActiveCfg = Debug|Any CPU
		{8A5C1A84-9C21-7821-D3C1-963A605B340B}.Debug|Any CPU.Build.0 = Debug|Any CPU
		{8A5C1A84-9C21-7821-D3C1-963A605B340B}.Release|Any CPU.ActiveCfg = Release|Any CPU
		{8A5C1A84-9C21-7821-D3C1-963A605B340B}.Release|Any CPU.Build.0 = Release|Any CPU
		{339AE55E-1BB8-7193-E6C6-0A2A323D3669}.Debug|Any CPU.ActiveCfg = Debug|Any CPU
		{339AE55E-1BB8-7193-E6C6-0A2A323D3669}.Debug|Any CPU.Build.0 = Debug|Any CPU
		{339AE55E-1BB8-7193-E6C6-0A2A323D3669}.Release|Any CPU.ActiveCfg = Release|Any CPU
		{339AE55E-1BB8-7193-E6C6-0A2A323D3669}.Release|Any CPU.Build.0 = Release|Any CPU
		{B53892D8-C8A7-D860-63F2-DADD58F3F734}.Debug|Any CPU.ActiveCfg = Debug|Any CPU
		{B53892D8-C8A7-D860-63F2-DADD58F3F734}.Debug|Any CPU.Build.0 = Debug|Any CPU
		{B53892D8-C8A7-D860-63F2-DADD58F3F734}.Release|Any CPU.ActiveCfg = Release|Any CPU
		{B53892D8-C8A7-D860-63F2-DADD58F3F734}.Release|Any CPU.Build.0 = Release|Any CPU
		{731E26CB-3034-C57F-B549-AF7C9EF7D824}.Debug|Any CPU.ActiveCfg = Debug|Any CPU
		{731E26CB-3034-C57F-B549-AF7C9EF7D824}.Debug|Any CPU.Build.0 = Debug|Any CPU
		{731E26CB-3034-C57F-B549-AF7C9EF7D824}.Release|Any CPU.ActiveCfg = Release|Any CPU
		{731E26CB-3034-C57F-B549-AF7C9EF7D824}.Release|Any CPU.Build.0 = Release|Any CPU
		{66BCCB12-0F4E-BE4D-0D3E-6AD0D757840E}.Debug|Any CPU.ActiveCfg = Debug|Any CPU
		{66BCCB12-0F4E-BE4D-0D3E-6AD0D757840E}.Debug|Any CPU.Build.0 = Debug|Any CPU
		{66BCCB12-0F4E-BE4D-0D3E-6AD0D757840E}.Release|Any CPU.ActiveCfg = Release|Any CPU
		{66BCCB12-0F4E-BE4D-0D3E-6AD0D757840E}.Release|Any CPU.Build.0 = Release|Any CPU
		{482819F1-13B6-FDD3-6AC0-6311287C8C76}.Debug|Any CPU.ActiveCfg = Debug|Any CPU
		{482819F1-13B6-FDD3-6AC0-6311287C8C76}.Debug|Any CPU.Build.0 = Debug|Any CPU
		{482819F1-13B6-FDD3-6AC0-6311287C8C76}.Release|Any CPU.ActiveCfg = Release|Any CPU
		{482819F1-13B6-FDD3-6AC0-6311287C8C76}.Release|Any CPU.Build.0 = Release|Any CPU
		{4AECDC44-3C7B-F465-9BD3-13F66EC97EC1}.Debug|Any CPU.ActiveCfg = Debug|Any CPU
		{4AECDC44-3C7B-F465-9BD3-13F66EC97EC1}.Debug|Any CPU.Build.0 = Debug|Any CPU
		{4AECDC44-3C7B-F465-9BD3-13F66EC97EC1}.Release|Any CPU.ActiveCfg = Release|Any CPU
		{4AECDC44-3C7B-F465-9BD3-13F66EC97EC1}.Release|Any CPU.Build.0 = Release|Any CPU
		{CF34F342-672D-4F6A-7B61-F22891903638}.Debug|Any CPU.ActiveCfg = Debug|Any CPU
		{CF34F342-672D-4F6A-7B61-F22891903638}.Debug|Any CPU.Build.0 = Debug|Any CPU
		{CF34F342-672D-4F6A-7B61-F22891903638}.Release|Any CPU.ActiveCfg = Release|Any CPU
		{CF34F342-672D-4F6A-7B61-F22891903638}.Release|Any CPU.Build.0 = Release|Any CPU
		{C9A4F418-9EA0-A48B-78A5-533293CEC6C0}.Debug|Any CPU.ActiveCfg = Debug|Any CPU
		{C9A4F418-9EA0-A48B-78A5-533293CEC6C0}.Debug|Any CPU.Build.0 = Debug|Any CPU
		{C9A4F418-9EA0-A48B-78A5-533293CEC6C0}.Release|Any CPU.ActiveCfg = Release|Any CPU
		{C9A4F418-9EA0-A48B-78A5-533293CEC6C0}.Release|Any CPU.Build.0 = Release|Any CPU
		{03F5AB53-57BF-5A61-5E01-75CF06DF2EC1}.Debug|Any CPU.ActiveCfg = Debug|Any CPU
		{03F5AB53-57BF-5A61-5E01-75CF06DF2EC1}.Debug|Any CPU.Build.0 = Debug|Any CPU
		{03F5AB53-57BF-5A61-5E01-75CF06DF2EC1}.Release|Any CPU.ActiveCfg = Release|Any CPU
		{03F5AB53-57BF-5A61-5E01-75CF06DF2EC1}.Release|Any CPU.Build.0 = Release|Any CPU
		{4CAAA58E-B148-A97F-DA4A-E96C9949340E}.Debug|Any CPU.ActiveCfg = Debug|Any CPU
		{4CAAA58E-B148-A97F-DA4A-E96C9949340E}.Debug|Any CPU.Build.0 = Debug|Any CPU
		{4CAAA58E-B148-A97F-DA4A-E96C9949340E}.Release|Any CPU.ActiveCfg = Release|Any CPU
		{4CAAA58E-B148-A97F-DA4A-E96C9949340E}.Release|Any CPU.Build.0 = Release|Any CPU
		{7E69F0A5-B085-D438-2B83-654E643CDC83}.Debug|Any CPU.ActiveCfg = Debug|Any CPU
		{7E69F0A5-B085-D438-2B83-654E643CDC83}.Debug|Any CPU.Build.0 = Debug|Any CPU
		{7E69F0A5-B085-D438-2B83-654E643CDC83}.Release|Any CPU.ActiveCfg = Release|Any CPU
		{7E69F0A5-B085-D438-2B83-654E643CDC83}.Release|Any CPU.Build.0 = Release|Any CPU
		{6E9D7E29-8AA6-25FE-1376-A3BC97826661}.Debug|Any CPU.ActiveCfg = Debug|Any CPU
		{6E9D7E29-8AA6-25FE-1376-A3BC97826661}.Debug|Any CPU.Build.0 = Debug|Any CPU
		{6E9D7E29-8AA6-25FE-1376-A3BC97826661}.Release|Any CPU.ActiveCfg = Release|Any CPU
		{6E9D7E29-8AA6-25FE-1376-A3BC97826661}.Release|Any CPU.Build.0 = Release|Any CPU
		{79E63BC4-4A8B-597B-8E4F-6C591693E1C3}.Debug|Any CPU.ActiveCfg = Debug|Any CPU
		{79E63BC4-4A8B-597B-8E4F-6C591693E1C3}.Debug|Any CPU.Build.0 = Debug|Any CPU
		{79E63BC4-4A8B-597B-8E4F-6C591693E1C3}.Release|Any CPU.ActiveCfg = Release|Any CPU
		{79E63BC4-4A8B-597B-8E4F-6C591693E1C3}.Release|Any CPU.Build.0 = Release|Any CPU
		{DB8FB812-BFD9-979E-7A57-53B54EAE290D}.Debug|Any CPU.ActiveCfg = Debug|Any CPU
		{DB8FB812-BFD9-979E-7A57-53B54EAE290D}.Debug|Any CPU.Build.0 = Debug|Any CPU
		{DB8FB812-BFD9-979E-7A57-53B54EAE290D}.Release|Any CPU.ActiveCfg = Release|Any CPU
		{DB8FB812-BFD9-979E-7A57-53B54EAE290D}.Release|Any CPU.Build.0 = Release|Any CPU
		{4E06EA6F-C54B-651C-339D-D9B5376EA099}.Debug|Any CPU.ActiveCfg = Debug|Any CPU
		{4E06EA6F-C54B-651C-339D-D9B5376EA099}.Debug|Any CPU.Build.0 = Debug|Any CPU
		{4E06EA6F-C54B-651C-339D-D9B5376EA099}.Release|Any CPU.ActiveCfg = Release|Any CPU
		{4E06EA6F-C54B-651C-339D-D9B5376EA099}.Release|Any CPU.Build.0 = Release|Any CPU
		{C3A5B5AE-8ECD-9626-7BE0-6BB141F327E7}.Debug|Any CPU.ActiveCfg = Debug|Any CPU
		{C3A5B5AE-8ECD-9626-7BE0-6BB141F327E7}.Debug|Any CPU.Build.0 = Debug|Any CPU
		{C3A5B5AE-8ECD-9626-7BE0-6BB141F327E7}.Release|Any CPU.ActiveCfg = Release|Any CPU
		{C3A5B5AE-8ECD-9626-7BE0-6BB141F327E7}.Release|Any CPU.Build.0 = Release|Any CPU
		{EA784084-D356-865E-9DB2-C2E9308BF388}.Debug|Any CPU.ActiveCfg = Debug|Any CPU
		{EA784084-D356-865E-9DB2-C2E9308BF388}.Debug|Any CPU.Build.0 = Debug|Any CPU
		{EA784084-D356-865E-9DB2-C2E9308BF388}.Release|Any CPU.ActiveCfg = Release|Any CPU
		{EA784084-D356-865E-9DB2-C2E9308BF388}.Release|Any CPU.Build.0 = Release|Any CPU
		{F5783082-00EF-5677-F1E9-5AE3BBE8290E}.Debug|Any CPU.ActiveCfg = Debug|Any CPU
		{F5783082-00EF-5677-F1E9-5AE3BBE8290E}.Debug|Any CPU.Build.0 = Debug|Any CPU
		{F5783082-00EF-5677-F1E9-5AE3BBE8290E}.Release|Any CPU.ActiveCfg = Release|Any CPU
		{F5783082-00EF-5677-F1E9-5AE3BBE8290E}.Release|Any CPU.Build.0 = Release|Any CPU
		{0AF1D3E0-0700-6223-2CF5-350000A2443B}.Debug|Any CPU.ActiveCfg = Debug|Any CPU
		{0AF1D3E0-0700-6223-2CF5-350000A2443B}.Debug|Any CPU.Build.0 = Debug|Any CPU
		{0AF1D3E0-0700-6223-2CF5-350000A2443B}.Release|Any CPU.ActiveCfg = Release|Any CPU
		{0AF1D3E0-0700-6223-2CF5-350000A2443B}.Release|Any CPU.Build.0 = Release|Any CPU
		{EED09882-F60D-C7B1-95FB-B5DCC02F7639}.Debug|Any CPU.ActiveCfg = Debug|Any CPU
		{EED09882-F60D-C7B1-95FB-B5DCC02F7639}.Debug|Any CPU.Build.0 = Debug|Any CPU
		{EED09882-F60D-C7B1-95FB-B5DCC02F7639}.Release|Any CPU.ActiveCfg = Release|Any CPU
		{EED09882-F60D-C7B1-95FB-B5DCC02F7639}.Release|Any CPU.Build.0 = Release|Any CPU
		{9CDDF0FA-0740-8CBE-6919-7C81DF56301E}.Debug|Any CPU.ActiveCfg = Debug|Any CPU
		{9CDDF0FA-0740-8CBE-6919-7C81DF56301E}.Debug|Any CPU.Build.0 = Debug|Any CPU
		{9CDDF0FA-0740-8CBE-6919-7C81DF56301E}.Release|Any CPU.ActiveCfg = Release|Any CPU
		{9CDDF0FA-0740-8CBE-6919-7C81DF56301E}.Release|Any CPU.Build.0 = Release|Any CPU
		{1A1A7AFD-287B-4DD6-315E-BFBEBD18E4E0}.Debug|Any CPU.ActiveCfg = Debug|Any CPU
		{1A1A7AFD-287B-4DD6-315E-BFBEBD18E4E0}.Debug|Any CPU.Build.0 = Debug|Any CPU
		{1A1A7AFD-287B-4DD6-315E-BFBEBD18E4E0}.Release|Any CPU.ActiveCfg = Release|Any CPU
		{1A1A7AFD-287B-4DD6-315E-BFBEBD18E4E0}.Release|Any CPU.Build.0 = Release|Any CPU
		{7DA0F116-E920-A22B-A63A-0DDC0BDE4CFD}.Debug|Any CPU.ActiveCfg = Debug|Any CPU
		{7DA0F116-E920-A22B-A63A-0DDC0BDE4CFD}.Debug|Any CPU.Build.0 = Debug|Any CPU
		{7DA0F116-E920-A22B-A63A-0DDC0BDE4CFD}.Release|Any CPU.ActiveCfg = Release|Any CPU
		{7DA0F116-E920-A22B-A63A-0DDC0BDE4CFD}.Release|Any CPU.Build.0 = Release|Any CPU
		{87CF27D6-5343-CD50-2967-9F8C24D81D58}.Debug|Any CPU.ActiveCfg = Debug|Any CPU
		{87CF27D6-5343-CD50-2967-9F8C24D81D58}.Debug|Any CPU.Build.0 = Debug|Any CPU
		{87CF27D6-5343-CD50-2967-9F8C24D81D58}.Release|Any CPU.ActiveCfg = Release|Any CPU
		{87CF27D6-5343-CD50-2967-9F8C24D81D58}.Release|Any CPU.Build.0 = Release|Any CPU
		{CC5AACF0-40EF-FF44-2A91-3182B9ED93BF}.Debug|Any CPU.ActiveCfg = Debug|Any CPU
		{CC5AACF0-40EF-FF44-2A91-3182B9ED93BF}.Debug|Any CPU.Build.0 = Debug|Any CPU
		{CC5AACF0-40EF-FF44-2A91-3182B9ED93BF}.Release|Any CPU.ActiveCfg = Release|Any CPU
		{CC5AACF0-40EF-FF44-2A91-3182B9ED93BF}.Release|Any CPU.Build.0 = Release|Any CPU
		{E6A6EDCD-BCC3-CF88-3EC3-2B28F0630E43}.Debug|Any CPU.ActiveCfg = Debug|Any CPU
		{E6A6EDCD-BCC3-CF88-3EC3-2B28F0630E43}.Debug|Any CPU.Build.0 = Debug|Any CPU
		{E6A6EDCD-BCC3-CF88-3EC3-2B28F0630E43}.Release|Any CPU.ActiveCfg = Release|Any CPU
		{E6A6EDCD-BCC3-CF88-3EC3-2B28F0630E43}.Release|Any CPU.Build.0 = Release|Any CPU
		{B1023602-BB33-EB45-2955-14DEC0D95825}.Debug|Any CPU.ActiveCfg = Debug|Any CPU
		{B1023602-BB33-EB45-2955-14DEC0D95825}.Debug|Any CPU.Build.0 = Debug|Any CPU
		{B1023602-BB33-EB45-2955-14DEC0D95825}.Release|Any CPU.ActiveCfg = Release|Any CPU
		{B1023602-BB33-EB45-2955-14DEC0D95825}.Release|Any CPU.Build.0 = Release|Any CPU
		{3C6AB4CD-67A6-DCF5-BFED-F5F505E26CB6}.Debug|Any CPU.ActiveCfg = Debug|Any CPU
		{3C6AB4CD-67A6-DCF5-BFED-F5F505E26CB6}.Debug|Any CPU.Build.0 = Debug|Any CPU
		{3C6AB4CD-67A6-DCF5-BFED-F5F505E26CB6}.Release|Any CPU.ActiveCfg = Release|Any CPU
		{3C6AB4CD-67A6-DCF5-BFED-F5F505E26CB6}.Release|Any CPU.Build.0 = Release|Any CPU
		{38FE93FD-4DEF-3AE0-4189-15168DBEF010}.Debug|Any CPU.ActiveCfg = Debug|Any CPU
		{38FE93FD-4DEF-3AE0-4189-15168DBEF010}.Debug|Any CPU.Build.0 = Debug|Any CPU
		{38FE93FD-4DEF-3AE0-4189-15168DBEF010}.Release|Any CPU.ActiveCfg = Release|Any CPU
		{38FE93FD-4DEF-3AE0-4189-15168DBEF010}.Release|Any CPU.Build.0 = Release|Any CPU
		{62515B60-361B-55E4-A976-D13CE56E177F}.Debug|Any CPU.ActiveCfg = Debug|Any CPU
		{62515B60-361B-55E4-A976-D13CE56E177F}.Debug|Any CPU.Build.0 = Debug|Any CPU
		{62515B60-361B-55E4-A976-D13CE56E177F}.Release|Any CPU.ActiveCfg = Release|Any CPU
		{62515B60-361B-55E4-A976-D13CE56E177F}.Release|Any CPU.Build.0 = Release|Any CPU
		{C91A1002-76F9-8B44-79AB-32929C372CF5}.Debug|Any CPU.ActiveCfg = Debug|Any CPU
		{C91A1002-76F9-8B44-79AB-32929C372CF5}.Debug|Any CPU.Build.0 = Debug|Any CPU
		{C91A1002-76F9-8B44-79AB-32929C372CF5}.Release|Any CPU.ActiveCfg = Release|Any CPU
		{C91A1002-76F9-8B44-79AB-32929C372CF5}.Release|Any CPU.Build.0 = Release|Any CPU
		{B4C30E31-8A8D-5583-6F18-FA09A1411A3A}.Debug|Any CPU.ActiveCfg = Debug|Any CPU
		{B4C30E31-8A8D-5583-6F18-FA09A1411A3A}.Debug|Any CPU.Build.0 = Debug|Any CPU
		{B4C30E31-8A8D-5583-6F18-FA09A1411A3A}.Release|Any CPU.ActiveCfg = Release|Any CPU
		{B4C30E31-8A8D-5583-6F18-FA09A1411A3A}.Release|Any CPU.Build.0 = Release|Any CPU
		{A096C17B-DA68-083F-82A6-9BBABA548C2E}.Debug|Any CPU.ActiveCfg = Debug|Any CPU
		{A096C17B-DA68-083F-82A6-9BBABA548C2E}.Debug|Any CPU.Build.0 = Debug|Any CPU
		{A096C17B-DA68-083F-82A6-9BBABA548C2E}.Release|Any CPU.ActiveCfg = Release|Any CPU
		{A096C17B-DA68-083F-82A6-9BBABA548C2E}.Release|Any CPU.Build.0 = Release|Any CPU
		{99CFD055-4AA1-02CF-8D80-738FF9D787CB}.Debug|Any CPU.ActiveCfg = Debug|Any CPU
		{99CFD055-4AA1-02CF-8D80-738FF9D787CB}.Debug|Any CPU.Build.0 = Debug|Any CPU
		{99CFD055-4AA1-02CF-8D80-738FF9D787CB}.Release|Any CPU.ActiveCfg = Release|Any CPU
		{99CFD055-4AA1-02CF-8D80-738FF9D787CB}.Release|Any CPU.Build.0 = Release|Any CPU
		{421EE2E2-F925-3AB6-EEAD-8615A94C52D9}.Debug|Any CPU.ActiveCfg = Debug|Any CPU
		{421EE2E2-F925-3AB6-EEAD-8615A94C52D9}.Debug|Any CPU.Build.0 = Debug|Any CPU
		{421EE2E2-F925-3AB6-EEAD-8615A94C52D9}.Release|Any CPU.ActiveCfg = Release|Any CPU
		{421EE2E2-F925-3AB6-EEAD-8615A94C52D9}.Release|Any CPU.Build.0 = Release|Any CPU
		{3D432A5A-A1AC-74C7-8443-458463711D18}.Debug|Any CPU.ActiveCfg = Debug|Any CPU
		{3D432A5A-A1AC-74C7-8443-458463711D18}.Debug|Any CPU.Build.0 = Debug|Any CPU
		{3D432A5A-A1AC-74C7-8443-458463711D18}.Release|Any CPU.ActiveCfg = Release|Any CPU
		{3D432A5A-A1AC-74C7-8443-458463711D18}.Release|Any CPU.Build.0 = Release|Any CPU
		{FAE5C679-984D-B261-FD03-85578D39E091}.Debug|Any CPU.ActiveCfg = Debug|Any CPU
		{FAE5C679-984D-B261-FD03-85578D39E091}.Debug|Any CPU.Build.0 = Debug|Any CPU
		{FAE5C679-984D-B261-FD03-85578D39E091}.Release|Any CPU.ActiveCfg = Release|Any CPU
		{FAE5C679-984D-B261-FD03-85578D39E091}.Release|Any CPU.Build.0 = Release|Any CPU
		{2867E626-1312-C24C-9905-0EF291C854D6}.Debug|Any CPU.ActiveCfg = Debug|Any CPU
		{2867E626-1312-C24C-9905-0EF291C854D6}.Debug|Any CPU.Build.0 = Debug|Any CPU
		{2867E626-1312-C24C-9905-0EF291C854D6}.Release|Any CPU.ActiveCfg = Release|Any CPU
		{2867E626-1312-C24C-9905-0EF291C854D6}.Release|Any CPU.Build.0 = Release|Any CPU
		{D678AB4A-5059-E4BF-3E71-1A136929EF16}.Debug|Any CPU.ActiveCfg = Debug|Any CPU
		{D678AB4A-5059-E4BF-3E71-1A136929EF16}.Debug|Any CPU.Build.0 = Debug|Any CPU
		{D678AB4A-5059-E4BF-3E71-1A136929EF16}.Release|Any CPU.ActiveCfg = Release|Any CPU
		{D678AB4A-5059-E4BF-3E71-1A136929EF16}.Release|Any CPU.Build.0 = Release|Any CPU
		{B94D0274-EE36-1B68-886A-47617733F32E}.Debug|Any CPU.ActiveCfg = Debug|Any CPU
		{B94D0274-EE36-1B68-886A-47617733F32E}.Debug|Any CPU.Build.0 = Debug|Any CPU
		{B94D0274-EE36-1B68-886A-47617733F32E}.Release|Any CPU.ActiveCfg = Release|Any CPU
		{B94D0274-EE36-1B68-886A-47617733F32E}.Release|Any CPU.Build.0 = Release|Any CPU
		{778B2569-4536-06AE-B86A-FB80A56CAFEC}.Debug|Any CPU.ActiveCfg = Debug|Any CPU
		{778B2569-4536-06AE-B86A-FB80A56CAFEC}.Debug|Any CPU.Build.0 = Debug|Any CPU
		{778B2569-4536-06AE-B86A-FB80A56CAFEC}.Release|Any CPU.ActiveCfg = Release|Any CPU
		{778B2569-4536-06AE-B86A-FB80A56CAFEC}.Release|Any CPU.Build.0 = Release|Any CPU
		{36E0B88E-AFA8-8E93-3BDA-80EEDD122B49}.Debug|Any CPU.ActiveCfg = Debug|Any CPU
		{36E0B88E-AFA8-8E93-3BDA-80EEDD122B49}.Debug|Any CPU.Build.0 = Debug|Any CPU
		{36E0B88E-AFA8-8E93-3BDA-80EEDD122B49}.Release|Any CPU.ActiveCfg = Release|Any CPU
		{36E0B88E-AFA8-8E93-3BDA-80EEDD122B49}.Release|Any CPU.Build.0 = Release|Any CPU
		{60B99820-E71E-3F62-8C10-92789F8C01A7}.Debug|Any CPU.ActiveCfg = Debug|Any CPU
		{60B99820-E71E-3F62-8C10-92789F8C01A7}.Debug|Any CPU.Build.0 = Debug|Any CPU
		{60B99820-E71E-3F62-8C10-92789F8C01A7}.Release|Any CPU.ActiveCfg = Release|Any CPU
		{60B99820-E71E-3F62-8C10-92789F8C01A7}.Release|Any CPU.Build.0 = Release|Any CPU
		{1F95A32E-98E9-B70E-4BFB-C879531E62A2}.Debug|Any CPU.ActiveCfg = Debug|Any CPU
		{1F95A32E-98E9-B70E-4BFB-C879531E62A2}.Debug|Any CPU.Build.0 = Debug|Any CPU
		{1F95A32E-98E9-B70E-4BFB-C879531E62A2}.Release|Any CPU.ActiveCfg = Release|Any CPU
		{1F95A32E-98E9-B70E-4BFB-C879531E62A2}.Release|Any CPU.Build.0 = Release|Any CPU
		{8907289E-727F-1EFC-9E69-8A69B568ECF9}.Debug|Any CPU.ActiveCfg = Debug|Any CPU
		{8907289E-727F-1EFC-9E69-8A69B568ECF9}.Debug|Any CPU.Build.0 = Debug|Any CPU
		{8907289E-727F-1EFC-9E69-8A69B568ECF9}.Release|Any CPU.ActiveCfg = Release|Any CPU
		{8907289E-727F-1EFC-9E69-8A69B568ECF9}.Release|Any CPU.Build.0 = Release|Any CPU
		{F9D5D871-6D7D-48A8-74E8-2A242C180FED}.Debug|Any CPU.ActiveCfg = Debug|Any CPU
		{F9D5D871-6D7D-48A8-74E8-2A242C180FED}.Debug|Any CPU.Build.0 = Debug|Any CPU
		{F9D5D871-6D7D-48A8-74E8-2A242C180FED}.Release|Any CPU.ActiveCfg = Release|Any CPU
		{F9D5D871-6D7D-48A8-74E8-2A242C180FED}.Release|Any CPU.Build.0 = Release|Any CPU
		{922CE216-94B7-CFF4-8E1C-D756D25A3024}.Debug|Any CPU.ActiveCfg = Debug|Any CPU
		{922CE216-94B7-CFF4-8E1C-D756D25A3024}.Debug|Any CPU.Build.0 = Debug|Any CPU
		{922CE216-94B7-CFF4-8E1C-D756D25A3024}.Release|Any CPU.ActiveCfg = Release|Any CPU
		{922CE216-94B7-CFF4-8E1C-D756D25A3024}.Release|Any CPU.Build.0 = Release|Any CPU
		{696B1DCC-2A5C-5763-C09A-A78AA0F04174}.Debug|Any CPU.ActiveCfg = Debug|Any CPU
		{696B1DCC-2A5C-5763-C09A-A78AA0F04174}.Debug|Any CPU.Build.0 = Debug|Any CPU
		{696B1DCC-2A5C-5763-C09A-A78AA0F04174}.Release|Any CPU.ActiveCfg = Release|Any CPU
		{696B1DCC-2A5C-5763-C09A-A78AA0F04174}.Release|Any CPU.Build.0 = Release|Any CPU
		{11F65F41-7FA6-E696-ADDC-C33F99666848}.Debug|Any CPU.ActiveCfg = Debug|Any CPU
		{11F65F41-7FA6-E696-ADDC-C33F99666848}.Debug|Any CPU.Build.0 = Debug|Any CPU
		{11F65F41-7FA6-E696-ADDC-C33F99666848}.Release|Any CPU.ActiveCfg = Release|Any CPU
		{11F65F41-7FA6-E696-ADDC-C33F99666848}.Release|Any CPU.Build.0 = Release|Any CPU
		{A83C4566-A4AE-3970-FAF2-667972236CD7}.Debug|Any CPU.ActiveCfg = Debug|Any CPU
		{A83C4566-A4AE-3970-FAF2-667972236CD7}.Debug|Any CPU.Build.0 = Debug|Any CPU
		{A83C4566-A4AE-3970-FAF2-667972236CD7}.Release|Any CPU.ActiveCfg = Release|Any CPU
		{A83C4566-A4AE-3970-FAF2-667972236CD7}.Release|Any CPU.Build.0 = Release|Any CPU
		{DB65D463-D610-9905-2440-A0BF86AB43FC}.Debug|Any CPU.ActiveCfg = Debug|Any CPU
		{DB65D463-D610-9905-2440-A0BF86AB43FC}.Debug|Any CPU.Build.0 = Debug|Any CPU
		{DB65D463-D610-9905-2440-A0BF86AB43FC}.Release|Any CPU.ActiveCfg = Release|Any CPU
		{DB65D463-D610-9905-2440-A0BF86AB43FC}.Release|Any CPU.Build.0 = Release|Any CPU
		{2C72B4F6-B2A5-7C61-58C2-B907CC12904E}.Debug|Any CPU.ActiveCfg = Debug|Any CPU
		{2C72B4F6-B2A5-7C61-58C2-B907CC12904E}.Debug|Any CPU.Build.0 = Debug|Any CPU
		{2C72B4F6-B2A5-7C61-58C2-B907CC12904E}.Release|Any CPU.ActiveCfg = Release|Any CPU
		{2C72B4F6-B2A5-7C61-58C2-B907CC12904E}.Release|Any CPU.Build.0 = Release|Any CPU
		{5D1BD7A0-7B7D-B717-5FA5-194A13CBFBD7}.Debug|Any CPU.ActiveCfg = Debug|Any CPU
		{5D1BD7A0-7B7D-B717-5FA5-194A13CBFBD7}.Debug|Any CPU.Build.0 = Debug|Any CPU
		{5D1BD7A0-7B7D-B717-5FA5-194A13CBFBD7}.Release|Any CPU.ActiveCfg = Release|Any CPU
		{5D1BD7A0-7B7D-B717-5FA5-194A13CBFBD7}.Release|Any CPU.Build.0 = Release|Any CPU
		{824A6BB2-47A4-2432-A498-E894F864E60B}.Debug|Any CPU.ActiveCfg = Debug|Any CPU
		{824A6BB2-47A4-2432-A498-E894F864E60B}.Debug|Any CPU.Build.0 = Debug|Any CPU
		{824A6BB2-47A4-2432-A498-E894F864E60B}.Release|Any CPU.ActiveCfg = Release|Any CPU
		{824A6BB2-47A4-2432-A498-E894F864E60B}.Release|Any CPU.Build.0 = Release|Any CPU
		{525C411B-A4BA-D1BB-9114-79BED1720958}.Debug|Any CPU.ActiveCfg = Debug|Any CPU
		{525C411B-A4BA-D1BB-9114-79BED1720958}.Debug|Any CPU.Build.0 = Debug|Any CPU
		{525C411B-A4BA-D1BB-9114-79BED1720958}.Release|Any CPU.ActiveCfg = Release|Any CPU
		{525C411B-A4BA-D1BB-9114-79BED1720958}.Release|Any CPU.Build.0 = Release|Any CPU
	EndGlobalSection
	GlobalSection(SolutionProperties) = preSolution
		HideSolutionNode = FALSE
	EndGlobalSection
EndGlobal
